
Microsoft Visual Studio Solution File, Format Version 12.00
# Visual Studio Version 16
VisualStudioVersion = 16.0.28803.156
MinimumVisualStudioVersion = 10.0.40219.1
Project("{FAE04EC0-301F-11D3-BF4B-00C04F79EFBC}") = "ConsoleApp4", "ConsoleApp4\ConsoleApp4.csproj", "{28BDE754-6133-4955-AE2C-D011DB7B182C}"
EndProject
Global
	GlobalSection(SolutionConfigurationPlatforms) = preSolution
		Debug|Any CPU = Debug|Any CPU
		Release|Any CPU = Release|Any CPU
	EndGlobalSection
	GlobalSection(ProjectConfigurationPlatforms) = postSolution
		{28BDE754-6133-4955-AE2C-D011DB7B182C}.Debug|Any CPU.ActiveCfg = Debug|Any CPU
		{28BDE754-6133-4955-AE2C-D011DB7B182C}.Debug|Any CPU.Build.0 = Debug|Any CPU
		{28BDE754-6133-4955-AE2C-D011DB7B182C}.Release|Any CPU.ActiveCfg = Release|Any CPU
		{28BDE754-6133-4955-AE2C-D011DB7B182C}.Release|Any CPU.Build.0 = Release|Any CPU
	EndGlobalSection
	GlobalSection(SolutionProperties) = preSolution
		HideSolutionNode = FALSE
	EndGlobalSection
	GlobalSection(ExtensibilityGlobals) = postSolution
		SolutionGuid = {7687BA22-E829-4058-825A-C78F21172E94}
	EndGlobalSection
EndGlobal
